{
    "api-platform/api-pack": {
        "version": "dev-master"
    },
    "api-platform/core": {
        "version": "2.7",
        "recipe": {
            "repo": "github.com/symfony/recipes",
            "branch": "main",
            "version": "2.5",
            "ref": "05b57782a78c21a664a42055dc11cf1954ca36bb"
        },
        "files": [
            "config/packages/api_platform.yaml",
            "config/routes/api_platform.yaml",
            "src/Entity/.gitignore"
        ]
    },
    "doctrine/annotations": {
        "version": "1.0",
        "recipe": {
            "repo": "github.com/symfony/recipes",
            "branch": "master",
            "version": "1.0",
            "ref": "cb4152ebcadbe620ea2261da1a1c5a9b8cea7672"
        },
        "files": [
            "config/routes/annotations.yaml"
        ]
    },
    "doctrine/cache": {
        "version": "1.9.x-dev"
    },
    "doctrine/collections": {
        "version": "1.6.x-dev"
    },
    "doctrine/common": {
        "version": "2.11.x-dev"
    },
    "doctrine/dbal": {
        "version": "2.10.x-dev"
    },
    "doctrine/deprecations": {
        "version": "v0.5.3"
    },
    "doctrine/doctrine-bundle": {
        "version": "2.7",
        "recipe": {
            "repo": "github.com/symfony/recipes",
            "branch": "main",
            "version": "2.4",
            "ref": "ddddd8249dd55bbda16fa7a45bb7499ef6f8e90e"
        },
        "files": [
            "config/packages/doctrine.yaml",
            "src/Entity/.gitignore",
            "src/Repository/.gitignore"
        ]
    },
    "doctrine/doctrine-migrations-bundle": {
        "version": "2.2",
        "recipe": {
            "repo": "github.com/symfony/recipes",
            "branch": "master",
            "version": "2.2",
            "ref": "baaa439e3e3179e69e3da84b671f0a3e4a2f56ad"
        },
        "files": [
            "config/packages/doctrine_migrations.yaml",
            "migrations/.gitignore"
        ]
    },
    "doctrine/event-manager": {
        "version": "1.0.x-dev"
    },
    "doctrine/inflector": {
        "version": "1.3.x-dev"
    },
    "doctrine/instantiator": {
        "version": "1.2.x-dev"
    },
    "doctrine/lexer": {
        "version": "1.2.x-dev"
    },
    "doctrine/migrations": {
        "version": "2.2.x-dev"
    },
    "doctrine/orm": {
        "version": "2.7.x-dev"
    },
    "doctrine/persistence": {
        "version": "1.2.x-dev"
    },
    "doctrine/reflection": {
        "version": "1.0.x-dev"
    },
    "doctrine/sql-formatter": {
        "version": "1.1.0"
    },
    "easycorp/easyadmin-bundle": {
        "version": "2.0",
        "recipe": {
            "repo": "github.com/symfony/recipes",
            "branch": "master",
            "version": "2.0",
            "ref": "0a51040a43c6f2172a3a0135cd15daf2043905d7"
        },
        "files": [
            "config/packages/easy_admin.yaml",
            "config/routes/easy_admin.yaml"
        ]
    },
    "ezyang/htmlpurifier": {
        "version": "v4.13.0"
    },
    "firebase/php-jwt": {
        "version": "v5.0.0"
    },
    "friendsofphp/proxy-manager-lts": {
        "version": "v1.0.1"
    },
    "friendsofsymfony/jsrouting-bundle": {
        "version": "3.2",
        "recipe": {
            "repo": "github.com/symfony/recipes-contrib",
            "branch": "main",
            "version": "2.3",
            "ref": "a9f2e49180f75cdc71ae279a929c4b2e0638de84"
        },
        "files": [
            "config/routes/fos_js_routing.yaml"
        ]
    },
    "google/apiclient": {
        "version": "2.0",
        "recipe": {
            "repo": "github.com/symfony/recipes-contrib",
            "branch": "master",
            "version": "2.0",
            "ref": "49c5d7a66d863d28513979bf0666dc77599100c0"
        },
        "files": [
            "config/packages/google_apiclient.yaml"
        ]
    },
    "google/apiclient-services": {
        "version": "v0.121"
    },
    "google/auth": {
        "version": "v1.6.1"
    },
    "guzzlehttp/guzzle": {
        "version": "6.5-dev"
    },
    "guzzlehttp/promises": {
        "version": "1.4-dev"
    },
    "guzzlehttp/psr7": {
        "version": "1.x-dev"
    },
    "knplabs/knp-menu-bundle": {
        "version": "v3.2.0"
    },
    "knpuniversity/oauth2-client-bundle": {
        "version": "2.10",
        "recipe": {
            "repo": "github.com/symfony/recipes-contrib",
            "branch": "main",
            "version": "1.20",
            "ref": "1ff300d8c030f55c99219cc55050b97a695af3f6"
        },
        "files": [
            "config/packages/knpu_oauth2_client.yaml"
        ]
    },
    "laminas/laminas-code": {
        "version": "3.4.1"
    },
    "laminas/laminas-escaper": {
        "version": "2.7.0"
    },
    "laminas/laminas-eventmanager": {
        "version": "3.2.1"
    },
    "laminas/laminas-zendframework-bridge": {
        "version": "1.1.x-dev"
    },
    "league/oauth2-client": {
        "version": "2.4.1"
    },
    "league/oauth2-facebook": {
        "version": "2.0.3"
    },
    "league/oauth2-github": {
        "version": "2.0.0"
    },
    "league/oauth2-google": {
        "version": "3.0.3"
    },
    "maennchen/zipstream-php": {
        "version": "2.1.0"
    },
    "markbaker/complex": {
        "version": "1.4.7"
    },
    "markbaker/matrix": {
        "version": "1.2.0"
    },
    "mindscreen/yarnlock": {
        "version": "v1.0.1"
    },
    "monolog/monolog": {
        "version": "1.x-dev"
    },
    "myclabs/deep-copy": {
        "version": "1.10.2"
    },
    "myclabs/php-enum": {
        "version": "1.7.6"
    },
    "nelmio/cors-bundle": {
        "version": "1.5",
        "recipe": {
            "repo": "github.com/symfony/recipes",
            "branch": "master",
            "version": "1.5",
            "ref": "6388de23860284db9acce0a7a5d9d13153bcb571"
        },
        "files": [
            "config/packages/nelmio_cors.yaml"
        ]
    },
    "nikic/php-parser": {
        "version": "4.2-dev"
    },
    "ocramius/package-versions": {
        "version": "1.6.x-dev"
    },
    "ocramius/proxy-manager": {
        "version": "2.2.3"
    },
    "pagerfanta/pagerfanta": {
        "version": "v2.1.3"
    },
    "paragonie/constant_time_encoding": {
        "version": "v2.4.0"
    },
    "pclzip/pclzip": {
        "version": "2.8.2"
    },
    "phar-io/manifest": {
        "version": "2.0.3"
    },
    "phar-io/version": {
        "version": "3.1.0"
    },
    "php": {
        "version": "7.4"
    },
    "phpdocumentor/reflection-common": {
        "version": "2.x-dev"
    },
    "phpdocumentor/reflection-docblock": {
        "version": "4.3.2"
    },
    "phpdocumentor/type-resolver": {
        "version": "1.x-dev"
    },
    "phpoffice/common": {
        "version": "0.2.9"
    },
    "phpoffice/phpspreadsheet": {
        "version": "1.9.0"
    },
    "phpoffice/phpword": {
        "version": "dev-master"
    },
    "phpseclib/phpseclib": {
        "version": "2.0.x-dev"
    },
    "phpspec/prophecy": {
        "version": "v1.15.0"
    },
    "phpunit/php-code-coverage": {
        "version": "9.2.10"
    },
    "phpunit/php-file-iterator": {
        "version": "3.0.6"
    },
    "phpunit/php-invoker": {
        "version": "3.1.1"
    },
    "phpunit/php-text-template": {
        "version": "2.0.4"
    },
    "phpunit/php-timer": {
        "version": "5.0.3"
    },
    "phpunit/phpunit": {
        "version": "9.5",
        "recipe": {
            "repo": "github.com/symfony/recipes",
            "branch": "master",
            "version": "9.3",
            "ref": "a6249a6c4392e9169b87abf93225f7f9f59025e6"
        },
        "files": [
            ".env.test",
            "phpunit.xml.dist",
            "tests/bootstrap.php"
        ]
    },
    "psr/cache": {
        "version": "1.0.x-dev"
    },
    "psr/container": {
        "version": "1.0.x-dev"
    },
    "psr/event-dispatcher": {
        "version": "1.0.x-dev"
    },
    "psr/http-client": {
        "version": "1.0.1"
    },
    "psr/http-factory": {
        "version": "1.0.1"
    },
    "psr/http-message": {
        "version": "1.0.x-dev"
    },
    "psr/link": {
        "version": "1.0.x-dev"
    },
    "psr/log": {
        "version": "1.1.x-dev"
    },
    "psr/simple-cache": {
        "version": "1.0.x-dev"
    },
    "ralouphie/getallheaders": {
        "version": "3.0.3"
    },
    "sebastian/cli-parser": {
        "version": "1.0.1"
    },
    "sebastian/code-unit": {
        "version": "1.0.8"
    },
    "sebastian/code-unit-reverse-lookup": {
        "version": "2.0.3"
    },
    "sebastian/comparator": {
        "version": "4.0.6"
    },
    "sebastian/complexity": {
        "version": "2.0.2"
    },
    "sebastian/diff": {
        "version": "4.0.4"
    },
    "sebastian/environment": {
        "version": "5.1.3"
    },
    "sebastian/exporter": {
        "version": "4.0.4"
    },
    "sebastian/global-state": {
        "version": "5.0.3"
    },
    "sebastian/lines-of-code": {
        "version": "1.0.3"
    },
    "sebastian/object-enumerator": {
        "version": "4.0.4"
    },
    "sebastian/object-reflector": {
        "version": "2.0.4"
    },
    "sebastian/recursion-context": {
        "version": "4.0.4"
    },
    "sebastian/resource-operations": {
        "version": "3.0.3"
    },
    "sebastian/type": {
        "version": "2.3.4"
    },
    "sebastian/version": {
        "version": "3.0.2"
    },
    "survos/api-grid-bundle": {
        "version": "dev-main"
    },
    "survos/auth-bundle": {
        "version": "dev-main"
    },
    "survos/bootstrap-bundle": {
        "version": "dev-master"
    },
    "survos/core-bundle": {
        "version": "1.0.7"
    },
    "survos/grid-bundle": {
        "version": "1.0.2"
    },
    "survos/inspection-bundle": {
        "version": "1.1.x-dev"
    },
    "survos/maker-bundle": {
        "version": "1.0.2"
    },
    "survos/workflow-helper-bundle": {
        "version": "2.0.1"
    },
    "swiftmailer/swiftmailer": {
        "version": "6.2-dev"
    },
    "symfony/asset": {
        "version": "4.4.x-dev"
    },
    "symfony/browser-kit": {
        "version": "4.4.x-dev"
    },
    "symfony/cache": {
        "version": "4.4.x-dev"
    },
    "symfony/cache-contracts": {
        "version": "1.1-dev"
    },
    "symfony/config": {
        "version": "4.4.x-dev"
    },
    "symfony/console": {
        "version": "4.4",
        "recipe": {
            "repo": "github.com/symfony/recipes",
            "branch": "master",
            "version": "4.4",
            "ref": "59d8cc5a923274e552412fcd51e284bba02982de"
        },
        "files": [
            "bin/console",
            "config/bootstrap.php"
        ]
    },
    "symfony/css-selector": {
        "version": "4.4.x-dev"
    },
    "symfony/debug-bundle": {
        "version": "6.1",
        "recipe": {
            "repo": "github.com/symfony/recipes",
            "branch": "main",
            "version": "5.3",
            "ref": "5aa8aa48234c8eb6dbdd7b3cd5d791485d2cec4b"
        },
        "files": [
            "config/packages/debug.yaml"
        ]
    },
    "symfony/debug-pack": {
        "version": "dev-master"
    },
    "symfony/dependency-injection": {
        "version": "4.4.x-dev"
    },
    "symfony/deprecation-contracts": {
        "version": "2.1-dev"
    },
    "symfony/doctrine-bridge": {
        "version": "4.4.x-dev"
    },
    "symfony/dom-crawler": {
        "version": "4.4.x-dev"
    },
    "symfony/dotenv": {
        "version": "4.4.x-dev"
    },
    "symfony/error-handler": {
        "version": "4.4.x-dev"
    },
    "symfony/event-dispatcher": {
        "version": "4.4.x-dev"
    },
    "symfony/event-dispatcher-contracts": {
        "version": "1.1-dev"
    },
    "symfony/expression-language": {
        "version": "4.4.x-dev"
    },
    "symfony/filesystem": {
        "version": "4.4.x-dev"
    },
    "symfony/finder": {
        "version": "4.4.x-dev"
    },
    "symfony/flex": {
        "version": "2.2",
        "recipe": {
            "repo": "github.com/symfony/recipes",
            "branch": "main",
            "version": "1.0",
            "ref": "146251ae39e06a95be0fe3d13c807bcf3938b172"
        },
        "files": [
            ".env"
        ]
    },
    "symfony/form": {
        "version": "4.4.x-dev"
    },
    "symfony/framework-bundle": {
        "version": "6.2",
        "recipe": {
            "repo": "github.com/symfony/recipes",
            "branch": "main",
            "version": "6.2",
            "ref": "af47254c5e4cd543e6af3e4508298ffebbdaddd3"
        },
        "files": [
            "config/packages/cache.yaml",
            "config/packages/framework.yaml",
            "config/preload.php",
            "config/routes/framework.yaml",
            "config/services.yaml",
            "public/index.php",
            "src/Controller/.gitignore",
            "src/Kernel.php"
        ]
    },
    "symfony/http-client": {
        "version": "4.4.x-dev"
    },
    "symfony/http-client-contracts": {
        "version": "1.1-dev"
    },
    "symfony/http-foundation": {
        "version": "4.4.x-dev"
    },
    "symfony/http-kernel": {
        "version": "4.4.x-dev"
    },
    "symfony/inflector": {
        "version": "4.4.x-dev"
    },
    "symfony/intl": {
        "version": "4.4.x-dev"
    },
    "symfony/mailer": {
        "version": "6.1",
        "recipe": {
            "repo": "github.com/symfony/recipes",
            "branch": "main",
            "version": "4.3",
            "ref": "97a61eabb351d7f6cb7702039bcfe07fe9d7e03c"
        },
        "files": [
            "config/packages/mailer.yaml"
        ]
    },
    "symfony/maker-bundle": {
        "version": "1.0",
        "recipe": {
            "repo": "github.com/symfony/recipes",
            "branch": "master",
            "version": "1.0",
            "ref": "fadbfe33303a76e25cb63401050439aa9b1a9c7f"
        }
    },
    "symfony/messenger": {
        "version": "6.1",
        "recipe": {
            "repo": "github.com/symfony/recipes",
            "branch": "main",
            "version": "6.0",
            "ref": "2523f7d31488903e247a522e760dc279be7f7aaf"
        },
        "files": [
            "config/packages/messenger.yaml"
        ]
    },
    "symfony/monolog-bridge": {
        "version": "4.4.x-dev"
    },
    "symfony/monolog-bundle": {
        "version": "3.3",
        "recipe": {
            "repo": "github.com/symfony/recipes",
            "branch": "master",
            "version": "3.3",
            "ref": "6240c6d43e8237a32452f057f81816820fd56ab6"
        },
        "files": [
            "config/packages/dev/monolog.yaml",
            "config/packages/prod/monolog.yaml",
            "config/packages/test/monolog.yaml"
        ]
    },
    "symfony/options-resolver": {
        "version": "4.4.x-dev"
    },
    "symfony/orm-pack": {
        "version": "dev-master"
    },
    "symfony/password-hasher": {
        "version": "v6.0.1"
    },
    "symfony/phpunit-bridge": {
        "version": "4.3",
        "recipe": {
            "repo": "github.com/symfony/recipes",
            "branch": "master",
            "version": "4.3",
            "ref": "b0582341f1df39aaf3a9a866cdbe49937da35984"
        },
        "files": [
            ".env.test",
            "bin/phpunit",
            "config/bootstrap.php",
            "phpunit.xml.dist",
            "tests/.gitignore"
        ]
    },
    "symfony/polyfill-intl-grapheme": {
        "version": "1.15-dev"
    },
    "symfony/polyfill-intl-icu": {
        "version": "1.12-dev"
    },
    "symfony/polyfill-intl-normalizer": {
        "version": "1.15-dev"
    },
    "symfony/polyfill-mbstring": {
        "version": "1.12-dev"
    },
    "symfony/polyfill-php72": {
        "version": "1.12-dev"
    },
    "symfony/polyfill-php73": {
        "version": "1.12-dev"
    },
    "symfony/polyfill-php80": {
        "version": "1.15-dev"
    },
    "symfony/polyfill-php81": {
        "version": "v1.23.0"
    },
    "symfony/process": {
        "version": "4.4.x-dev"
    },
    "symfony/profiler-pack": {
        "version": "dev-master"
    },
    "symfony/property-access": {
        "version": "4.4.x-dev"
    },
    "symfony/property-info": {
        "version": "4.4.x-dev"
    },
    "symfony/proxy-manager-bridge": {
        "version": "v5.2.1"
    },
    "symfony/routing": {
        "version": "4.2",
        "recipe": {
            "repo": "github.com/symfony/recipes",
            "branch": "master",
            "version": "4.2",
            "ref": "4c107a8d23a16b997178fbd4103b8d2f54f688b7"
        },
        "files": [
            "config/packages/dev/routing.yaml",
            "config/packages/routing.yaml",
            "config/packages/test/routing.yaml",
            "config/routes.yaml"
        ]
    },
    "symfony/security-bundle": {
        "version": "4.4",
        "recipe": {
            "repo": "github.com/symfony/recipes",
            "branch": "master",
            "version": "4.4",
            "ref": "30efd98dd3b4ead6e9ad4713b1efc43bbe94bf77"
        },
        "files": [
            "config/packages/security.yaml"
        ]
    },
    "symfony/security-core": {
        "version": "4.4.x-dev"
    },
    "symfony/security-csrf": {
        "version": "4.4.x-dev"
    },
    "symfony/security-guard": {
        "version": "4.4.x-dev"
    },
    "symfony/security-http": {
        "version": "4.4.x-dev"
    },
    "symfony/serializer": {
        "version": "4.4.x-dev"
    },
    "symfony/serializer-pack": {
        "version": "dev-master"
    },
    "symfony/service-contracts": {
        "version": "1.1-dev"
    },
    "symfony/stopwatch": {
        "version": "4.4.x-dev"
    },
    "symfony/string": {
        "version": "5.1-dev"
    },
    "symfony/swiftmailer-bundle": {
        "version": "2.5",
        "recipe": {
            "repo": "github.com/symfony/recipes",
            "branch": "master",
            "version": "2.5",
            "ref": "429afc6c6778a1fdddb52a4f708cd94ff2c9960f"
        },
        "files": [
            "config/packages/dev/swiftmailer.yaml",
            "config/packages/swiftmailer.yaml",
            "config/packages/test/swiftmailer.yaml"
        ]
    },
    "symfony/test-pack": {
        "version": "dev-master"
    },
    "symfony/translation": {
        "version": "3.3",
        "recipe": {
            "repo": "github.com/symfony/recipes",
            "branch": "master",
            "version": "3.3",
            "ref": "2ad9d2545bce8ca1a863e50e92141f0b9d87ffcd"
        },
        "files": [
            "config/packages/translation.yaml",
            "translations/.gitignore"
        ]
    },
    "symfony/translation-contracts": {
        "version": "1.1-dev"
    },
    "symfony/twig-bridge": {
        "version": "4.4.x-dev"
    },
    "symfony/twig-bundle": {
        "version": "4.4",
        "recipe": {
            "repo": "github.com/symfony/recipes",
            "branch": "master",
            "version": "4.4",
            "ref": "2930240b0e8f972c874fde9c27c9531765bd2a3b"
        },
        "files": [
            "config/packages/twig.yaml",
            "config/routes/dev/twig.yaml",
            "templates/base.html.twig"
        ]
    },
    "symfony/uid": {
        "version": "6.2",
        "recipe": {
            "repo": "github.com/symfony/recipes",
            "branch": "main",
            "version": "6.2",
            "ref": "d294ad4add3e15d7eb1bae0221588ca89b38e558"
        },
        "files": [
            "config/packages/uid.yaml"
        ]
    },
    "symfony/ux-twig-component": {
        "version": "v2.3.0"
    },
    "symfony/validator": {
        "version": "4.3",
        "recipe": {
            "repo": "github.com/symfony/recipes",
            "branch": "master",
            "version": "4.3",
            "ref": "d902da3e4952f18d3bf05aab29512eb61cabd869"
        },
        "files": [
            "config/packages/test/validator.yaml",
            "config/packages/validator.yaml"
        ]
    },
    "symfony/var-dumper": {
        "version": "4.4.x-dev"
    },
    "symfony/var-exporter": {
        "version": "4.4.x-dev"
    },
    "symfony/web-link": {
        "version": "4.4.x-dev"
    },
    "symfony/web-profiler-bundle": {
        "version": "3.3",
        "recipe": {
            "repo": "github.com/symfony/recipes",
            "branch": "master",
            "version": "3.3",
            "ref": "6bdfa1a95f6b2e677ab985cd1af2eae35d62e0f6"
        },
        "files": [
            "config/packages/dev/web_profiler.yaml",
            "config/packages/test/web_profiler.yaml",
            "config/routes/dev/web_profiler.yaml"
        ]
    },
    "symfony/webpack-encore-bundle": {
        "version": "1.15",
        "recipe": {
            "repo": "github.com/symfony/recipes",
            "branch": "main",
            "version": "1.10",
            "ref": "2e458cc7e6f1df1dad890eb104b81e4f302c9bd4"
        },
        "files": [
            "assets/app.js",
            "assets/bootstrap.js",
            "assets/controllers.json",
            "assets/controllers/hello_controller.js",
            "assets/styles/app.css",
            "config/packages/webpack_encore.yaml",
            "package.json",
            "webpack.config.js"
        ]
    },
    "symfony/workflow": {
        "version": "6.1",
        "recipe": {
            "repo": "github.com/symfony/recipes",
            "branch": "main",
            "version": "3.3",
            "ref": "3b2f8ca32a07fcb00f899649053943fa3d8bbfb6"
        },
        "files": [
            "config/packages/workflow.yaml"
        ]
    },
    "symfony/yaml": {
        "version": "4.4.x-dev"
    },
    "symfonycasts/verify-email-bundle": {
        "version": "v1.11.0"
    },
    "theseer/tokenizer": {
        "version": "1.2.1"
    },
    "twig/extra-bundle": {
        "version": "3.x-dev"
    },
    "twig/twig": {
        "version": "3.x-dev"
    },
    "webimpress/safe-writer": {
        "version": "2.1.x-dev"
    },
    "webmozart/assert": {
        "version": "1.5.0"
    },
    "willdurand/negotiation": {
        "version": "2.x-dev"
    },
    "yectep/phpspreadsheet-bundle": {
        "version": "dev-master"
    },
    "zendframework/zend-code": {
        "version": "3.5.x-dev"
    },
    "zendframework/zend-escaper": {
        "version": "2.7.x-dev"
    },
    "zendframework/zend-eventmanager": {
        "version": "3.3-dev"
    }
}
